
Microsoft Visual Studio Solution File, Format Version 12.00
# Visual Studio Version 16
VisualStudioVersion = 16.0.30804.86
MinimumVisualStudioVersion = 10.0.40219.1
Project("{FAE04EC0-301F-11D3-BF4B-00C04F79EFBC}") = "Mahjong", "Mahjong.csproj", "{016ADCE8-9882-4487-B3B2-A7EC6172B740}"
EndProject
Global
	GlobalSection(SolutionConfigurationPlatforms) = preSolution
		Debug|Any CPU = Debug|Any CPU
		Release|Any CPU = Release|Any CPU
	EndGlobalSection
	GlobalSection(ProjectConfigurationPlatforms) = postSolution
		{016ADCE8-9882-4487-B3B2-A7EC6172B740}.Debug|Any CPU.ActiveCfg = Debug|Any CPU
		{016ADCE8-9882-4487-B3B2-A7EC6172B740}.Debug|Any CPU.Build.0 = Debug|Any CPU
		{016ADCE8-9882-4487-B3B2-A7EC6172B740}.Release|Any CPU.ActiveCfg = Release|Any CPU
		{016ADCE8-9882-4487-B3B2-A7EC6172B740}.Release|Any CPU.Build.0 = Release|Any CPU
	EndGlobalSection
	GlobalSection(SolutionProperties) = preSolution
		HideSolutionNode = FALSE
	EndGlobalSection
	GlobalSection(ExtensibilityGlobals) = postSolution
		SolutionGuid = {5A3211E7-7F49-42A8-B9CA-BF378D9A03CD}
	EndGlobalSection
EndGlobal
